
Microsoft Visual Studio Solution File, Format Version 12.00
# Visual Studio Version 17
VisualStudioVersion = 17.11.35431.28
MinimumVisualStudioVersion = 10.0.40219.1
Project("{9A19103F-16F7-4668-BE54-9A1E7A4F7556}") = "DXBlazorChatFunctionCalling", "DXBlazorChatFunctionCalling\DXBlazorChatFunctionCalling.csproj", "{C5FF9867-2937-4337-8466-46B0ADE14A9B}"
EndProject
Project("{9A19103F-16F7-4668-BE54-9A1E7A4F7556}") = "DXBlazorChatFunctionCalling.Semantic", "DXBlazorChatFunctionCalling.Semantic\DXBlazorChatFunctionCalling.Semantic.csproj", "{7F78A80D-7144-4562-A0A8-15CA64D76C4A}"
EndProject
Global
	GlobalSection(SolutionConfigurationPlatforms) = preSolution
		Debug|Any CPU = Debug|Any CPU
		Release|Any CPU = Release|Any CPU
	EndGlobalSection
	GlobalSection(ProjectConfigurationPlatforms) = postSolution
		{C5FF9867-2937-4337-8466-46B0ADE14A9B}.Debug|Any CPU.ActiveCfg = Debug|Any CPU
		{C5FF9867-2937-4337-8466-46B0ADE14A9B}.Debug|Any CPU.Build.0 = Debug|Any CPU
		{C5FF9867-2937-4337-8466-46B0ADE14A9B}.Release|Any CPU.ActiveCfg = Release|Any CPU
		{C5FF9867-2937-4337-8466-46B0ADE14A9B}.Release|Any CPU.Build.0 = Release|Any CPU
		{7F78A80D-7144-4562-A0A8-15CA64D76C4A}.Debug|Any CPU.ActiveCfg = Debug|Any CPU
		{7F78A80D-7144-4562-A0A8-15CA64D76C4A}.Debug|Any CPU.Build.0 = Debug|Any CPU
		{7F78A80D-7144-4562-A0A8-15CA64D76C4A}.Release|Any CPU.ActiveCfg = Release|Any CPU
		{7F78A80D-7144-4562-A0A8-15CA64D76C4A}.Release|Any CPU.Build.0 = Release|Any CPU
	EndGlobalSection
	GlobalSection(SolutionProperties) = preSolution
		HideSolutionNode = FALSE
	EndGlobalSection
	GlobalSection(ExtensibilityGlobals) = postSolution
		SolutionGuid = {0F3103E7-10AE-42A1-9445-15F14C828C74}
	EndGlobalSection
EndGlobal
